# This file is autogenerated, do not edit; changes may be undone by the next 'dep ensure'.


[[projects]]
  digest = "1:3cb37a35e9f6dff6d652ff9abcc4b2324a8179d3d117da0d27e23f5c9abcb279"
  name = "github.com/boj/redistore"
  packages = ["."]
  pruneopts = "NUT"
  revision = "fc113767cd6b051980f260d6dbe84b2740c46ab0"
  version = "v1.2"

[[projects]]
  digest = "1:551bcb7f51fe5dfc7a2f632cf5c613a531f7a119a7bcf4726df4e12b92c3286a"
  name = "github.com/codegangsta/inject"
  packages = ["."]
  pruneopts = "NUT"
  revision = "37d7f8432a3e684eef9b2edece76bdfa6ac85b39"
  version = "v1.0-rc1"

[[projects]]
  digest = "1:0594af97b2f4cec6554086eeace6597e20a4b69466eb4ada25adf9f4300dddd2"
  name = "github.com/garyburd/redigo"
  packages = [
    "internal",
    "redis",
  ]
  pruneopts = "NUT"
  revision = "a69d19351219b6dd56f274f96d85a7014a2ec34e"
  version = "v1.6.0"

[[projects]]
  branch = "master"
  digest = "1:95b9a1c85623e81d7cafcf646aa24bc41276a91820965e25323c98d7ec95ba46"
  name = "github.com/go-martini/martini"
  packages = ["."]
  pruneopts = "NUT"
  revision = "22fa46961aabd2665cf3f1343b146d20028f5071"

[[projects]]
  digest = "1:c01767916c59f084bb7c41a7d5877c0f3099b1595cfa066e84ec6ad6b084dd89"
  name = "github.com/gorilla/context"
  packages = ["."]
  pruneopts = "NUT"
  revision = "08b5f424b9271eedf6f9f0ce86cb9396ed337a42"
  version = "v1.1.1"

[[projects]]
  digest = "1:0faa8131e5822f3420f82426667a29c5c425c3cb7e0fcf0c5d1c718d6e6ba19b"
  name = "github.com/gorilla/securecookie"
  packages = ["."]
  pruneopts = "NUT"
  revision = "e59506cc896acb7f7bf732d4fdf5e25f7ccd8983"
  version = "v1.1.1"

[[projects]]
  digest = "1:417708056e10ae18bc0200f5c8e4255ab6d624c16820856fa72eea8eaf23f5ad"
  name = "github.com/gorilla/sessions"
  packages = ["."]
  pruneopts = "NUT"
  revision = "03b6f63cc43ef9c7240a635a5e22b13180e822b8"
  version = "v1.1.1"

[[projects]]
  branch = "master"
  digest = "1:1aa4a68e518653446445df3a7e9f0121e961df2abc23ac6b030f61f6e4740b23"
  name = "github.com/martini-contrib/sessions"
  packages = ["."]
  pruneopts = "NUT"
  revision = "fa13114fbcf036dff8185d728651d85fcef772db"

[[projects]]
  branch = "(default)"
  digest = "1:42cc188aeda5d3bf5077b09213c41f5e4c677f351cf70b25bbd81ce6c330f743"
  name = "labix.org/v2/mgo"
  packages = [
    ".",
    "bson",
    "sasl",
  ]
  pruneopts = "NUT"
  revision = "gustavo@niemeyer.net-20140701140051-90be2tvk93pcczzi"

[solve-meta]
  analyzer-name = "dep"
  analyzer-version = 1
  input-imports = [
    "github.com/go-martini/martini",
    "github.com/martini-contrib/sessions",
    "labix.org/v2/mgo",
    "labix.org/v2/mgo/bson",
  ]
  solver-name = "gps-cdcl"
  solver-version = 1
